
Microsoft Visual Studio Solution File, Format Version 12.00
# Visual Studio 15
VisualStudioVersion = 15.0.26430.14
MinimumVisualStudioVersion = 10.0.40219.1
Project("{FAE04EC0-301F-11D3-BF4B-00C04F79EFBC}") = "NettyBaseReloaded", "NettyBaseReloaded\NettyBaseReloaded.csproj", "{BC7A9B59-2FF0-4D00-AE8E-0A9A31359536}"
EndProject
Project("{FAE04EC0-301F-11D3-BF4B-00C04F79EFBC}") = "NettyCommandBuilder", "NettyCommandBuilder\NettyCommandBuilder.csproj", "{2D5F9310-4020-4B98-A7B4-EEA1A01CD8A0}"
EndProject
Project("{FAE04EC0-301F-11D3-BF4B-00C04F79EFBC}") = "BaseControl", "BaseControl\BaseControl.csproj", "{B09A724C-3F12-4527-B58E-924B76A9B2E4}"
EndProject
Project("{FAE04EC0-301F-11D3-BF4B-00C04F79EFBC}") = "NettyStatusBot", "NettyStatusBot\NettyStatusBot.csproj", "{8C9D3ACA-23F4-4633-BDBF-F2B2EC069763}"
EndProject
Project("{FAE04EC0-301F-11D3-BF4B-00C04F79EFBC}") = "NettyClient", "NettyClient\NettyClient.csproj", "{3B0C4BEA-E087-4A9F-B2AC-CFBE838C9939}"
EndProject
Global
	GlobalSection(SolutionConfigurationPlatforms) = preSolution
		Ad-Hoc|Any CPU = Ad-Hoc|Any CPU
		Ad-Hoc|iPhone = Ad-Hoc|iPhone
		Ad-Hoc|iPhoneSimulator = Ad-Hoc|iPhoneSimulator
		Ad-Hoc|x64 = Ad-Hoc|x64
		Ad-Hoc|x86 = Ad-Hoc|x86
		AppStore|Any CPU = AppStore|Any CPU
		AppStore|iPhone = AppStore|iPhone
		AppStore|iPhoneSimulator = AppStore|iPhoneSimulator
		AppStore|x64 = AppStore|x64
		AppStore|x86 = AppStore|x86
		Debug|Any CPU = Debug|Any CPU
		Debug|iPhone = Debug|iPhone
		Debug|iPhoneSimulator = Debug|iPhoneSimulator
		Debug|x64 = Debug|x64
		Debug|x86 = Debug|x86
		Release|Any CPU = Release|Any CPU
		Release|iPhone = Release|iPhone
		Release|iPhoneSimulator = Release|iPhoneSimulator
		Release|x64 = Release|x64
		Release|x86 = Release|x86
	EndGlobalSection
	GlobalSection(ProjectConfigurationPlatforms) = postSolution
		{BC7A9B59-2FF0-4D00-AE8E-0A9A31359536}.Ad-Hoc|Any CPU.ActiveCfg = Release|Any CPU
		{BC7A9B59-2FF0-4D00-AE8E-0A9A31359536}.Ad-Hoc|Any CPU.Build.0 = Release|Any CPU
		{BC7A9B59-2FF0-4D00-AE8E-0A9A31359536}.Ad-Hoc|iPhone.ActiveCfg = Release|Any CPU
		{BC7A9B59-2FF0-4D00-AE8E-0A9A31359536}.Ad-Hoc|iPhone.Build.0 = Release|Any CPU
		{BC7A9B59-2FF0-4D00-AE8E-0A9A31359536}.Ad-Hoc|iPhoneSimulator.ActiveCfg = Release|Any CPU
		{BC7A9B59-2FF0-4D00-AE8E-0A9A31359536}.Ad-Hoc|iPhoneSimulator.Build.0 = Release|Any CPU
		{BC7A9B59-2FF0-4D00-AE8E-0A9A31359536}.Ad-Hoc|x64.ActiveCfg = Release|x64
		{BC7A9B59-2FF0-4D00-AE8E-0A9A31359536}.Ad-Hoc|x64.Build.0 = Release|x64
		{BC7A9B59-2FF0-4D00-AE8E-0A9A31359536}.Ad-Hoc|x86.ActiveCfg = Release|Any CPU
		{BC7A9B59-2FF0-4D00-AE8E-0A9A31359536}.Ad-Hoc|x86.Build.0 = Release|Any CPU
		{BC7A9B59-2FF0-4D00-AE8E-0A9A31359536}.AppStore|Any CPU.ActiveCfg = Release|Any CPU
		{BC7A9B59-2FF0-4D00-AE8E-0A9A31359536}.AppStore|Any CPU.Build.0 = Release|Any CPU
		{BC7A9B59-2FF0-4D00-AE8E-0A9A31359536}.AppStore|iPhone.ActiveCfg = Release|Any CPU
		{BC7A9B59-2FF0-4D00-AE8E-0A9A31359536}.AppStore|iPhone.Build.0 = Release|Any CPU
		{BC7A9B59-2FF0-4D00-AE8E-0A9A31359536}.AppStore|iPhoneSimulator.ActiveCfg = Release|Any CPU
		{BC7A9B59-2FF0-4D00-AE8E-0A9A31359536}.AppStore|iPhoneSimulator.Build.0 = Release|Any CPU
		{BC7A9B59-2FF0-4D00-AE8E-0A9A31359536}.AppStore|x64.ActiveCfg = Release|x64
		{BC7A9B59-2FF0-4D00-AE8E-0A9A31359536}.AppStore|x64.Build.0 = Release|x64
		{BC7A9B59-2FF0-4D00-AE8E-0A9A31359536}.AppStore|x86.ActiveCfg = Release|Any CPU
		{BC7A9B59-2FF0-4D00-AE8E-0A9A31359536}.AppStore|x86.Build.0 = Release|Any CPU
		{BC7A9B59-2FF0-4D00-AE8E-0A9A31359536}.Debug|Any CPU.ActiveCfg = Debug|Any CPU
		{BC7A9B59-2FF0-4D00-AE8E-0A9A31359536}.Debug|Any CPU.Build.0 = Debug|Any CPU
		{BC7A9B59-2FF0-4D00-AE8E-0A9A31359536}.Debug|iPhone.ActiveCfg = Debug|Any CPU
		{BC7A9B59-2FF0-4D00-AE8E-0A9A31359536}.Debug|iPhone.Build.0 = Debug|Any CPU
		{BC7A9B59-2FF0-4D00-AE8E-0A9A31359536}.Debug|iPhoneSimulator.ActiveCfg = Debug|Any CPU
		{BC7A9B59-2FF0-4D00-AE8E-0A9A31359536}.Debug|iPhoneSimulator.Build.0 = Debug|Any CPU
		{BC7A9B59-2FF0-4D00-AE8E-0A9A31359536}.Debug|x64.ActiveCfg = Debug|x64
		{BC7A9B59-2FF0-4D00-AE8E-0A9A31359536}.Debug|x64.Build.0 = Debug|x64
		{BC7A9B59-2FF0-4D00-AE8E-0A9A31359536}.Debug|x86.ActiveCfg = Debug|Any CPU
		{BC7A9B59-2FF0-4D00-AE8E-0A9A31359536}.Debug|x86.Build.0 = Debug|Any CPU
		{BC7A9B59-2FF0-4D00-AE8E-0A9A31359536}.Release|Any CPU.ActiveCfg = Release|Any CPU
		{BC7A9B59-2FF0-4D00-AE8E-0A9A31359536}.Release|Any CPU.Build.0 = Release|Any CPU
		{BC7A9B59-2FF0-4D00-AE8E-0A9A31359536}.Release|iPhone.ActiveCfg = Release|Any CPU
		{BC7A9B59-2FF0-4D00-AE8E-0A9A31359536}.Release|iPhone.Build.0 = Release|Any CPU
		{BC7A9B59-2FF0-4D00-AE8E-0A9A31359536}.Release|iPhoneSimulator.ActiveCfg = Release|Any CPU
		{BC7A9B59-2FF0-4D00-AE8E-0A9A31359536}.Release|iPhoneSimulator.Build.0 = Release|Any CPU
		{BC7A9B59-2FF0-4D00-AE8E-0A9A31359536}.Release|x64.ActiveCfg = Release|x64
		{BC7A9B59-2FF0-4D00-AE8E-0A9A31359536}.Release|x64.Build.0 = Release|x64
		{BC7A9B59-2FF0-4D00-AE8E-0A9A31359536}.Release|x86.ActiveCfg = Release|Any CPU
		{BC7A9B59-2FF0-4D00-AE8E-0A9A31359536}.Release|x86.Build.0 = Release|Any CPU
		{2D5F9310-4020-4B98-A7B4-EEA1A01CD8A0}.Ad-Hoc|Any CPU.ActiveCfg = Release|Any CPU
		{2D5F9310-4020-4B98-A7B4-EEA1A01CD8A0}.Ad-Hoc|Any CPU.Build.0 = Release|Any CPU
		{2D5F9310-4020-4B98-A7B4-EEA1A01CD8A0}.Ad-Hoc|iPhone.ActiveCfg = Release|Any CPU
		{2D5F9310-4020-4B98-A7B4-EEA1A01CD8A0}.Ad-Hoc|iPhone.Build.0 = Release|Any CPU
		{2D5F9310-4020-4B98-A7B4-EEA1A01CD8A0}.Ad-Hoc|iPhoneSimulator.ActiveCfg = Release|Any CPU
		{2D5F9310-4020-4B98-A7B4-EEA1A01CD8A0}.Ad-Hoc|iPhoneSimulator.Build.0 = Release|Any CPU
		{2D5F9310-4020-4B98-A7B4-EEA1A01CD8A0}.Ad-Hoc|x64.ActiveCfg = Release|Any CPU
		{2D5F9310-4020-4B98-A7B4-EEA1A01CD8A0}.Ad-Hoc|x64.Build.0 = Release|Any CPU
		{2D5F9310-4020-4B98-A7B4-EEA1A01CD8A0}.Ad-Hoc|x86.ActiveCfg = Release|Any CPU
		{2D5F9310-4020-4B98-A7B4-EEA1A01CD8A0}.Ad-Hoc|x86.Build.0 = Release|Any CPU
		{2D5F9310-4020-4B98-A7B4-EEA1A01CD8A0}.AppStore|Any CPU.ActiveCfg = Release|Any CPU
		{2D5F9310-4020-4B98-A7B4-EEA1A01CD8A0}.AppStore|Any CPU.Build.0 = Release|Any CPU
		{2D5F9310-4020-4B98-A7B4-EEA1A01CD8A0}.AppStore|iPhone.ActiveCfg = Release|Any CPU
		{2D5F9310-4020-4B98-A7B4-EEA1A01CD8A0}.AppStore|iPhone.Build.0 = Release|Any CPU
		{2D5F9310-4020-4B98-A7B4-EEA1A01CD8A0}.AppStore|iPhoneSimulator.ActiveCfg = Release|Any CPU
		{2D5F9310-4020-4B98-A7B4-EEA1A01CD8A0}.AppStore|iPhoneSimulator.Build.0 = Release|Any CPU
		{2D5F9310-4020-4B98-A7B4-EEA1A01CD8A0}.AppStore|x64.ActiveCfg = Release|Any CPU
		{2D5F9310-4020-4B98-A7B4-EEA1A01CD8A0}.AppStore|x64.Build.0 = Release|Any CPU
		{2D5F9310-4020-4B98-A7B4-EEA1A01CD8A0}.AppStore|x86.ActiveCfg = Release|Any CPU
		{2D5F9310-4020-4B98-A7B4-EEA1A01CD8A0}.AppStore|x86.Build.0 = Release|Any CPU
		{2D5F9310-4020-4B98-A7B4-EEA1A01CD8A0}.Debug|Any CPU.ActiveCfg = Debug|Any CPU
		{2D5F9310-4020-4B98-A7B4-EEA1A01CD8A0}.Debug|Any CPU.Build.0 = Debug|Any CPU
		{2D5F9310-4020-4B98-A7B4-EEA1A01CD8A0}.Debug|iPhone.ActiveCfg = Debug|Any CPU
		{2D5F9310-4020-4B98-A7B4-EEA1A01CD8A0}.Debug|iPhone.Build.0 = Debug|Any CPU
		{2D5F9310-4020-4B98-A7B4-EEA1A01CD8A0}.Debug|iPhoneSimulator.ActiveCfg = Debug|Any CPU
		{2D5F9310-4020-4B98-A7B4-EEA1A01CD8A0}.Debug|iPhoneSimulator.Build.0 = Debug|Any CPU
		{2D5F9310-4020-4B98-A7B4-EEA1A01CD8A0}.Debug|x64.ActiveCfg = Debug|Any CPU
		{2D5F9310-4020-4B98-A7B4-EEA1A01CD8A0}.Debug|x64.Build.0 = Debug|Any CPU
		{2D5F9310-4020-4B98-A7B4-EEA1A01CD8A0}.Debug|x86.ActiveCfg = Debug|Any CPU
		{2D5F9310-4020-4B98-A7B4-EEA1A01CD8A0}.Debug|x86.Build.0 = Debug|Any CPU
		{2D5F9310-4020-4B98-A7B4-EEA1A01CD8A0}.Release|Any CPU.ActiveCfg = Release|Any CPU
		{2D5F9310-4020-4B98-A7B4-EEA1A01CD8A0}.Release|Any CPU.Build.0 = Release|Any CPU
		{2D5F9310-4020-4B98-A7B4-EEA1A01CD8A0}.Release|iPhone.ActiveCfg = Release|Any CPU
		{2D5F9310-4020-4B98-A7B4-EEA1A01CD8A0}.Release|iPhone.Build.0 = Release|Any CPU
		{2D5F9310-4020-4B98-A7B4-EEA1A01CD8A0}.Release|iPhoneSimulator.ActiveCfg = Release|Any CPU
		{2D5F9310-4020-4B98-A7B4-EEA1A01CD8A0}.Release|iPhoneSimulator.Build.0 = Release|Any CPU
		{2D5F9310-4020-4B98-A7B4-EEA1A01CD8A0}.Release|x64.ActiveCfg = Release|Any CPU
		{2D5F9310-4020-4B98-A7B4-EEA1A01CD8A0}.Release|x64.Build.0 = Release|Any CPU
		{2D5F9310-4020-4B98-A7B4-EEA1A01CD8A0}.Release|x86.ActiveCfg = Release|Any CPU
		{2D5F9310-4020-4B98-A7B4-EEA1A01CD8A0}.Release|x86.Build.0 = Release|Any CPU
		{B09A724C-3F12-4527-B58E-924B76A9B2E4}.Ad-Hoc|Any CPU.ActiveCfg = Release|Any CPU
		{B09A724C-3F12-4527-B58E-924B76A9B2E4}.Ad-Hoc|Any CPU.Build.0 = Release|Any CPU
		{B09A724C-3F12-4527-B58E-924B76A9B2E4}.Ad-Hoc|iPhone.ActiveCfg = Release|Any CPU
		{B09A724C-3F12-4527-B58E-924B76A9B2E4}.Ad-Hoc|iPhone.Build.0 = Release|Any CPU
		{B09A724C-3F12-4527-B58E-924B76A9B2E4}.Ad-Hoc|iPhoneSimulator.ActiveCfg = Release|Any CPU
		{B09A724C-3F12-4527-B58E-924B76A9B2E4}.Ad-Hoc|iPhoneSimulator.Build.0 = Release|Any CPU
		{B09A724C-3F12-4527-B58E-924B76A9B2E4}.Ad-Hoc|x64.ActiveCfg = Release|Any CPU
		{B09A724C-3F12-4527-B58E-924B76A9B2E4}.Ad-Hoc|x64.Build.0 = Release|Any CPU
		{B09A724C-3F12-4527-B58E-924B76A9B2E4}.Ad-Hoc|x86.ActiveCfg = Release|Any CPU
		{B09A724C-3F12-4527-B58E-924B76A9B2E4}.Ad-Hoc|x86.Build.0 = Release|Any CPU
		{B09A724C-3F12-4527-B58E-924B76A9B2E4}.AppStore|Any CPU.ActiveCfg = Release|Any CPU
		{B09A724C-3F12-4527-B58E-924B76A9B2E4}.AppStore|Any CPU.Build.0 = Release|Any CPU
		{B09A724C-3F12-4527-B58E-924B76A9B2E4}.AppStore|iPhone.ActiveCfg = Release|Any CPU
		{B09A724C-3F12-4527-B58E-924B76A9B2E4}.AppStore|iPhone.Build.0 = Release|Any CPU
		{B09A724C-3F12-4527-B58E-924B76A9B2E4}.AppStore|iPhoneSimulator.ActiveCfg = Release|Any CPU
		{B09A724C-3F12-4527-B58E-924B76A9B2E4}.AppStore|iPhoneSimulator.Build.0 = Release|Any CPU
		{B09A724C-3F12-4527-B58E-924B76A9B2E4}.AppStore|x64.ActiveCfg = Release|Any CPU
		{B09A724C-3F12-4527-B58E-924B76A9B2E4}.AppStore|x64.Build.0 = Release|Any CPU
		{B09A724C-3F12-4527-B58E-924B76A9B2E4}.AppStore|x86.ActiveCfg = Release|Any CPU
		{B09A724C-3F12-4527-B58E-924B76A9B2E4}.AppStore|x86.Build.0 = Release|Any CPU
		{B09A724C-3F12-4527-B58E-924B76A9B2E4}.Debug|Any CPU.ActiveCfg = Debug|Any CPU
		{B09A724C-3F12-4527-B58E-924B76A9B2E4}.Debug|Any CPU.Build.0 = Debug|Any CPU
		{B09A724C-3F12-4527-B58E-924B76A9B2E4}.Debug|iPhone.ActiveCfg = Debug|Any CPU
		{B09A724C-3F12-4527-B58E-924B76A9B2E4}.Debug|iPhone.Build.0 = Debug|Any CPU
		{B09A724C-3F12-4527-B58E-924B76A9B2E4}.Debug|iPhoneSimulator.ActiveCfg = Debug|Any CPU
		{B09A724C-3F12-4527-B58E-924B76A9B2E4}.Debug|iPhoneSimulator.Build.0 = Debug|Any CPU
		{B09A724C-3F12-4527-B58E-924B76A9B2E4}.Debug|x64.ActiveCfg = Debug|Any CPU
		{B09A724C-3F12-4527-B58E-924B76A9B2E4}.Debug|x64.Build.0 = Debug|Any CPU
		{B09A724C-3F12-4527-B58E-924B76A9B2E4}.Debug|x86.ActiveCfg = Debug|Any CPU
		{B09A724C-3F12-4527-B58E-924B76A9B2E4}.Debug|x86.Build.0 = Debug|Any CPU
		{B09A724C-3F12-4527-B58E-924B76A9B2E4}.Release|Any CPU.ActiveCfg = Release|Any CPU
		{B09A724C-3F12-4527-B58E-924B76A9B2E4}.Release|Any CPU.Build.0 = Release|Any CPU
		{B09A724C-3F12-4527-B58E-924B76A9B2E4}.Release|iPhone.ActiveCfg = Release|Any CPU
		{B09A724C-3F12-4527-B58E-924B76A9B2E4}.Release|iPhone.Build.0 = Release|Any CPU
		{B09A724C-3F12-4527-B58E-924B76A9B2E4}.Release|iPhoneSimulator.ActiveCfg = Release|Any CPU
		{B09A724C-3F12-4527-B58E-924B76A9B2E4}.Release|iPhoneSimulator.Build.0 = Release|Any CPU
		{B09A724C-3F12-4527-B58E-924B76A9B2E4}.Release|x64.ActiveCfg = Release|Any CPU
		{B09A724C-3F12-4527-B58E-924B76A9B2E4}.Release|x64.Build.0 = Release|Any CPU
		{B09A724C-3F12-4527-B58E-924B76A9B2E4}.Release|x86.ActiveCfg = Release|Any CPU
		{B09A724C-3F12-4527-B58E-924B76A9B2E4}.Release|x86.Build.0 = Release|Any CPU
		{8C9D3ACA-23F4-4633-BDBF-F2B2EC069763}.Ad-Hoc|Any CPU.ActiveCfg = Release|Any CPU
		{8C9D3ACA-23F4-4633-BDBF-F2B2EC069763}.Ad-Hoc|Any CPU.Build.0 = Release|Any CPU
		{8C9D3ACA-23F4-4633-BDBF-F2B2EC069763}.Ad-Hoc|iPhone.ActiveCfg = Release|Any CPU
		{8C9D3ACA-23F4-4633-BDBF-F2B2EC069763}.Ad-Hoc|iPhone.Build.0 = Release|Any CPU
		{8C9D3ACA-23F4-4633-BDBF-F2B2EC069763}.Ad-Hoc|iPhoneSimulator.ActiveCfg = Release|Any CPU
		{8C9D3ACA-23F4-4633-BDBF-F2B2EC069763}.Ad-Hoc|iPhoneSimulator.Build.0 = Release|Any CPU
		{8C9D3ACA-23F4-4633-BDBF-F2B2EC069763}.Ad-Hoc|x64.ActiveCfg = Release|Any CPU
		{8C9D3ACA-23F4-4633-BDBF-F2B2EC069763}.Ad-Hoc|x64.Build.0 = Release|Any CPU
		{8C9D3ACA-23F4-4633-BDBF-F2B2EC069763}.Ad-Hoc|x86.ActiveCfg = Release|Any CPU
		{8C9D3ACA-23F4-4633-BDBF-F2B2EC069763}.Ad-Hoc|x86.Build.0 = Release|Any CPU
		{8C9D3ACA-23F4-4633-BDBF-F2B2EC069763}.AppStore|Any CPU.ActiveCfg = Release|Any CPU
		{8C9D3ACA-23F4-4633-BDBF-F2B2EC069763}.AppStore|Any CPU.Build.0 = Release|Any CPU
		{8C9D3ACA-23F4-4633-BDBF-F2B2EC069763}.AppStore|iPhone.ActiveCfg = Release|Any CPU
		{8C9D3ACA-23F4-4633-BDBF-F2B2EC069763}.AppStore|iPhone.Build.0 = Release|Any CPU
		{8C9D3ACA-23F4-4633-BDBF-F2B2EC069763}.AppStore|iPhoneSimulator.ActiveCfg = Release|Any CPU
		{8C9D3ACA-23F4-4633-BDBF-F2B2EC069763}.AppStore|iPhoneSimulator.Build.0 = Release|Any CPU
		{8C9D3ACA-23F4-4633-BDBF-F2B2EC069763}.AppStore|x64.ActiveCfg = Release|Any CPU
		{8C9D3ACA-23F4-4633-BDBF-F2B2EC069763}.AppStore|x64.Build.0 = Release|Any CPU
		{8C9D3ACA-23F4-4633-BDBF-F2B2EC069763}.AppStore|x86.ActiveCfg = Release|Any CPU
		{8C9D3ACA-23F4-4633-BDBF-F2B2EC069763}.AppStore|x86.Build.0 = Release|Any CPU
		{8C9D3ACA-23F4-4633-BDBF-F2B2EC069763}.Debug|Any CPU.ActiveCfg = Debug|Any CPU
		{8C9D3ACA-23F4-4633-BDBF-F2B2EC069763}.Debug|Any CPU.Build.0 = Debug|Any CPU
		{8C9D3ACA-23F4-4633-BDBF-F2B2EC069763}.Debug|iPhone.ActiveCfg = Debug|Any CPU
		{8C9D3ACA-23F4-4633-BDBF-F2B2EC069763}.Debug|iPhone.Build.0 = Debug|Any CPU
		{8C9D3ACA-23F4-4633-BDBF-F2B2EC069763}.Debug|iPhoneSimulator.ActiveCfg = Debug|Any CPU
		{8C9D3ACA-23F4-4633-BDBF-F2B2EC069763}.Debug|iPhoneSimulator.Build.0 = Debug|Any CPU
		{8C9D3ACA-23F4-4633-BDBF-F2B2EC069763}.Debug|x64.ActiveCfg = Debug|Any CPU
		{8C9D3ACA-23F4-4633-BDBF-F2B2EC069763}.Debug|x64.Build.0 = Debug|Any CPU
		{8C9D3ACA-23F4-4633-BDBF-F2B2EC069763}.Debug|x86.ActiveCfg = Debug|Any CPU
		{8C9D3ACA-23F4-4633-BDBF-F2B2EC069763}.Debug|x86.Build.0 = Debug|Any CPU
		{8C9D3ACA-23F4-4633-BDBF-F2B2EC069763}.Release|Any CPU.ActiveCfg = Release|Any CPU
		{8C9D3ACA-23F4-4633-BDBF-F2B2EC069763}.Release|Any CPU.Build.0 = Release|Any CPU
		{8C9D3ACA-23F4-4633-BDBF-F2B2EC069763}.Release|iPhone.ActiveCfg = Release|Any CPU
		{8C9D3ACA-23F4-4633-BDBF-F2B2EC069763}.Release|iPhone.Build.0 = Release|Any CPU
		{8C9D3ACA-23F4-4633-BDBF-F2B2EC069763}.Release|iPhoneSimulator.ActiveCfg = Release|Any CPU
		{8C9D3ACA-23F4-4633-BDBF-F2B2EC069763}.Release|iPhoneSimulator.Build.0 = Release|Any CPU
		{8C9D3ACA-23F4-4633-BDBF-F2B2EC069763}.Release|x64.ActiveCfg = Release|Any CPU
		{8C9D3ACA-23F4-4633-BDBF-F2B2EC069763}.Release|x64.Build.0 = Release|Any CPU
		{8C9D3ACA-23F4-4633-BDBF-F2B2EC069763}.Release|x86.ActiveCfg = Release|Any CPU
		{8C9D3ACA-23F4-4633-BDBF-F2B2EC069763}.Release|x86.Build.0 = Release|Any CPU
		{3B0C4BEA-E087-4A9F-B2AC-CFBE838C9939}.Ad-Hoc|Any CPU.ActiveCfg = Release|Any CPU
		{3B0C4BEA-E087-4A9F-B2AC-CFBE838C9939}.Ad-Hoc|Any CPU.Build.0 = Release|Any CPU
		{3B0C4BEA-E087-4A9F-B2AC-CFBE838C9939}.Ad-Hoc|iPhone.ActiveCfg = Release|Any CPU
		{3B0C4BEA-E087-4A9F-B2AC-CFBE838C9939}.Ad-Hoc|iPhone.Build.0 = Release|Any CPU
		{3B0C4BEA-E087-4A9F-B2AC-CFBE838C9939}.Ad-Hoc|iPhoneSimulator.ActiveCfg = Release|Any CPU
		{3B0C4BEA-E087-4A9F-B2AC-CFBE838C9939}.Ad-Hoc|iPhoneSimulator.Build.0 = Release|Any CPU
		{3B0C4BEA-E087-4A9F-B2AC-CFBE838C9939}.Ad-Hoc|x64.ActiveCfg = Release|Any CPU
		{3B0C4BEA-E087-4A9F-B2AC-CFBE838C9939}.Ad-Hoc|x64.Build.0 = Release|Any CPU
		{3B0C4BEA-E087-4A9F-B2AC-CFBE838C9939}.Ad-Hoc|x86.ActiveCfg = Release|Any CPU
		{3B0C4BEA-E087-4A9F-B2AC-CFBE838C9939}.Ad-Hoc|x86.Build.0 = Release|Any CPU
		{3B0C4BEA-E087-4A9F-B2AC-CFBE838C9939}.AppStore|Any CPU.ActiveCfg = Release|Any CPU
		{3B0C4BEA-E087-4A9F-B2AC-CFBE838C9939}.AppStore|Any CPU.Build.0 = Release|Any CPU
		{3B0C4BEA-E087-4A9F-B2AC-CFBE838C9939}.AppStore|iPhone.ActiveCfg = Release|Any CPU
		{3B0C4BEA-E087-4A9F-B2AC-CFBE838C9939}.AppStore|iPhone.Build.0 = Release|Any CPU
		{3B0C4BEA-E087-4A9F-B2AC-CFBE838C9939}.AppStore|iPhoneSimulator.ActiveCfg = Release|Any CPU
		{3B0C4BEA-E087-4A9F-B2AC-CFBE838C9939}.AppStore|iPhoneSimulator.Build.0 = Release|Any CPU
		{3B0C4BEA-E087-4A9F-B2AC-CFBE838C9939}.AppStore|x64.ActiveCfg = Release|Any CPU
		{3B0C4BEA-E087-4A9F-B2AC-CFBE838C9939}.AppStore|x64.Build.0 = Release|Any CPU
		{3B0C4BEA-E087-4A9F-B2AC-CFBE838C9939}.AppStore|x86.ActiveCfg = Release|Any CPU
		{3B0C4BEA-E087-4A9F-B2AC-CFBE838C9939}.AppStore|x86.Build.0 = Release|Any CPU
		{3B0C4BEA-E087-4A9F-B2AC-CFBE838C9939}.Debug|Any CPU.ActiveCfg = Debug|Any CPU
		{3B0C4BEA-E087-4A9F-B2AC-CFBE838C9939}.Debug|Any CPU.Build.0 = Debug|Any CPU
		{3B0C4BEA-E087-4A9F-B2AC-CFBE838C9939}.Debug|iPhone.ActiveCfg = Debug|Any CPU
		{3B0C4BEA-E087-4A9F-B2AC-CFBE838C9939}.Debug|iPhone.Build.0 = Debug|Any CPU
		{3B0C4BEA-E087-4A9F-B2AC-CFBE838C9939}.Debug|iPhoneSimulator.ActiveCfg = Debug|Any CPU
		{3B0C4BEA-E087-4A9F-B2AC-CFBE838C9939}.Debug|iPhoneSimulator.Build.0 = Debug|Any CPU
		{3B0C4BEA-E087-4A9F-B2AC-CFBE838C9939}.Debug|x64.ActiveCfg = Debug|Any CPU
		{3B0C4BEA-E087-4A9F-B2AC-CFBE838C9939}.Debug|x64.Build.0 = Debug|Any CPU
		{3B0C4BEA-E087-4A9F-B2AC-CFBE838C9939}.Debug|x86.ActiveCfg = Debug|Any CPU
		{3B0C4BEA-E087-4A9F-B2AC-CFBE838C9939}.Debug|x86.Build.0 = Debug|Any CPU
		{3B0C4BEA-E087-4A9F-B2AC-CFBE838C9939}.Release|Any CPU.ActiveCfg = Release|Any CPU
		{3B0C4BEA-E087-4A9F-B2AC-CFBE838C9939}.Release|Any CPU.Build.0 = Release|Any CPU
		{3B0C4BEA-E087-4A9F-B2AC-CFBE838C9939}.Release|iPhone.ActiveCfg = Release|Any CPU
		{3B0C4BEA-E087-4A9F-B2AC-CFBE838C9939}.Release|iPhone.Build.0 = Release|Any CPU
		{3B0C4BEA-E087-4A9F-B2AC-CFBE838C9939}.Release|iPhoneSimulator.ActiveCfg = Release|Any CPU
		{3B0C4BEA-E087-4A9F-B2AC-CFBE838C9939}.Release|iPhoneSimulator.Build.0 = Release|Any CPU
		{3B0C4BEA-E087-4A9F-B2AC-CFBE838C9939}.Release|x64.ActiveCfg = Release|Any CPU
		{3B0C4BEA-E087-4A9F-B2AC-CFBE838C9939}.Release|x64.Build.0 = Release|Any CPU
		{3B0C4BEA-E087-4A9F-B2AC-CFBE838C9939}.Release|x86.ActiveCfg = Release|Any CPU
		{3B0C4BEA-E087-4A9F-B2AC-CFBE838C9939}.Release|x86.Build.0 = Release|Any CPU
	EndGlobalSection
	GlobalSection(SolutionProperties) = preSolution
		HideSolutionNode = FALSE
	EndGlobalSection
	GlobalSection(ExtensibilityGlobals) = postSolution
		SolutionGuid = {18DED717-650D-4F2F-92A3-A5ADBC59FF1F}
	EndGlobalSection
EndGlobal
